
Microsoft Visual Studio Solution File, Format Version 12.00
# Visual Studio Version 17
VisualStudioVersion = 17.4.33403.182
MinimumVisualStudioVersion = 10.0.40219.1
Project("{FAE04EC0-301F-11D3-BF4B-00C04F79EFBC}") = "Currency Converter", "Currency Converter\Currency Converter.csproj", "{F292859A-008A-415E-A104-380E0204ACE2}"
EndProject
Global
	GlobalSection(SolutionConfigurationPlatforms) = preSolution
		Debug|Any CPU = Debug|Any CPU
		Release|Any CPU = Release|Any CPU
	EndGlobalSection
	GlobalSection(ProjectConfigurationPlatforms) = postSolution
		{F292859A-008A-415E-A104-380E0204ACE2}.Debug|Any CPU.ActiveCfg = Debug|Any CPU
		{F292859A-008A-415E-A104-380E0204ACE2}.Debug|Any CPU.Build.0 = Debug|Any CPU
		{F292859A-008A-415E-A104-380E0204ACE2}.Release|Any CPU.ActiveCfg = Release|Any CPU
		{F292859A-008A-415E-A104-380E0204ACE2}.Release|Any CPU.Build.0 = Release|Any CPU
	EndGlobalSection
	GlobalSection(SolutionProperties) = preSolution
		HideSolutionNode = FALSE
	EndGlobalSection
	GlobalSection(ExtensibilityGlobals) = postSolution
		SolutionGuid = {0E1FDDB5-4B53-4F46-8D28-9B54B9DA03E6}
	EndGlobalSection
EndGlobal
